// !$*UTF8*$!
{
	archiveVersion = 1;
	classes = {
	};
	objectVersion = 55;
	objects = {

/* Begin PBXBuildFile section */
		07894DFB27C1D3E7006F67B6 /* AppDelegate.swift in Sources */ = {isa = PBXBuildFile; fileRef = 07894DFA27C1D3E7006F67B6 /* AppDelegate.swift */; };
		07894DFD27C1D3E7006F67B6 /* SceneDelegate.swift in Sources */ = {isa = PBXBuildFile; fileRef = 07894DFC27C1D3E7006F67B6 /* SceneDelegate.swift */; };
		07894DFF27C1D3E7006F67B6 /* ViewController.swift in Sources */ = {isa = PBXBuildFile; fileRef = 07894DFE27C1D3E7006F67B6 /* ViewController.swift */; };
		07894E0227C1D3E7006F67B6 /* Main.storyboard in Resources */ = {isa = PBXBuildFile; fileRef = 07894E0027C1D3E7006F67B6 /* Main.storyboard */; };
		07894E0427C1D3E8006F67B6 /* Assets.xcassets in Resources */ = {isa = PBXBuildFile; fileRef = 07894E0327C1D3E8006F67B6 /* Assets.xcassets */; };
		07894E0727C1D3E8006F67B6 /* LaunchScreen.storyboard in Resources */ = {isa = PBXBuildFile; fileRef = 07894E0527C1D3E8006F67B6 /* LaunchScreen.storyboard */; };
		07894E1127C1D8EC006F67B6 /* Stocks.swift in Sources */ = {isa = PBXBuildFile; fileRef = 07894E1027C1D8EC006F67B6 /* Stocks.swift */; };
		07894E3527C21851006F67B6 /* Manager.swift in Sources */ = {isa = PBXBuildFile; fileRef = 07894E3427C21850006F67B6 /* Manager.swift */; };
		07894E3727C306CC006F67B6 /* tableViewController.swift in Sources */ = {isa = PBXBuildFile; fileRef = 07894E3627C306CC006F67B6 /* tableViewController.swift */; };
		07894E5B27C3182B006F67B6 /* OptionsViewController.swift in Sources */ = {isa = PBXBuildFile; fileRef = 07894E5A27C3182B006F67B6 /* OptionsViewController.swift */; };
		07894E5D27C31ACB006F67B6 /* History.swift in Sources */ = {isa = PBXBuildFile; fileRef = 07894E5C27C31ACB006F67B6 /* History.swift */; };
		07894E6527C32A2D006F67B6 /* HistoryViewController.swift in Sources */ = {isa = PBXBuildFile; fileRef = 07894E6427C32A2D006F67B6 /* HistoryViewController.swift */; };
		07894E6727C5702F006F67B6 /* HistoryDetailViewController.swift in Sources */ = {isa = PBXBuildFile; fileRef = 07894E6627C5702F006F67B6 /* HistoryDetailViewController.swift */; };
		07FB64AF27C5A130007B7EB9 /* TableViewCell.swift in Sources */ = {isa = PBXBuildFile; fileRef = 07FB64AE27C5A130007B7EB9 /* TableViewCell.swift */; };
/* End PBXBuildFile section */

/* Begin PBXFileReference section */
		07894DF727C1D3E7006F67B6 /* CashRegisterApp.app */ = {isa = PBXFileReference; explicitFileType = wrapper.application; includeInIndex = 0; path = CashRegisterApp.app; sourceTree = BUILT_PRODUCTS_DIR; };
		07894DFA27C1D3E7006F67B6 /* AppDelegate.swift */ = {isa = PBXFileReference; lastKnownFileType = sourcecode.swift; path = AppDelegate.swift; sourceTree = "<group>"; };
		07894DFC27C1D3E7006F67B6 /* SceneDelegate.swift */ = {isa = PBXFileReference; lastKnownFileType = sourcecode.swift; path = SceneDelegate.swift; sourceTree = "<group>"; };
		07894DFE27C1D3E7006F67B6 /* ViewController.swift */ = {isa = PBXFileReference; lastKnownFileType = sourcecode.swift; path = ViewController.swift; sourceTree = "<group>"; };
		07894E0127C1D3E7006F67B6 /* Base */ = {isa = PBXFileReference; lastKnownFileType = file.storyboard; name = Base; path = Base.lproj/Main.storyboard; sourceTree = "<group>"; };
		07894E0327C1D3E8006F67B6 /* Assets.xcassets */ = {isa = PBXFileReference; lastKnownFileType = folder.assetcatalog; path = Assets.xcassets; sourceTree = "<group>"; };
		07894E0627C1D3E8006F67B6 /* Base */ = {isa = PBXFileReference; lastKnownFileType = file.storyboard; name = Base; path = Base.lproj/LaunchScreen.storyboard; sourceTree = "<group>"; };
		07894E0827C1D3E8006F67B6 /* Info.plist */ = {isa = PBXFileReference; lastKnownFileType = text.plist.xml; path = Info.plist; sourceTree = "<group>"; };
		07894E1027C1D8EC006F67B6 /* Stocks.swift */ = {isa = PBXFileReference; lastKnownFileType = sourcecode.swift; path = Stocks.swift; sourceTree = "<group>"; };
		07894E3427C21850006F67B6 /* Manager.swift */ = {isa = PBXFileReference; lastKnownFileType = sourcecode.swift; path = Manager.swift; sourceTree = "<group>"; };
		07894E3627C306CC006F67B6 /* tableViewController.swift */ = {isa = PBXFileReference; lastKnownFileType = sourcecode.swift; path = tableViewController.swift; sourceTree = "<group>"; };
		07894E5A27C3182B006F67B6 /* OptionsViewController.swift */ = {isa = PBXFileReference; lastKnownFileType = sourcecode.swift; path = OptionsViewController.swift; sourceTree = "<group>"; };
		07894E5C27C31ACB006F67B6 /* History.swift */ = {isa = PBXFileReference; lastKnownFileType = sourcecode.swift; path = History.swift; sourceTree = "<group>"; };
		07894E6427C32A2D006F67B6 /* HistoryViewController.swift */ = {isa = PBXFileReference; lastKnownFileType = sourcecode.swift; path = HistoryViewController.swift; sourceTree = "<group>"; };
		07894E6627C5702F006F67B6 /* HistoryDetailViewController.swift */ = {isa = PBXFileReference; lastKnownFileType = sourcecode.swift; path = HistoryDetailViewController.swift; sourceTree = "<group>"; };
		07FB64AE27C5A130007B7EB9 /* TableViewCell.swift */ = {isa = PBXFileReference; lastKnownFileType = sourcecode.swift; path = TableViewCell.swift; sourceTree = "<group>"; };
/* End PBXFileReference section */

/* Begin PBXFrameworksBuildPhase section */
		07894DF427C1D3E7006F67B6 /* Frameworks */ = {
			isa = PBXFrameworksBuildPhase;
			buildActionMask = 2147483647;
			files = (
			);
			runOnlyForDeploymentPostprocessing = 0;
		};
/* End PBXFrameworksBuildPhase section */

/* Begin PBXGroup section */
		07894DEE27C1D3E7006F67B6 = {
			isa = PBXGroup;
			children = (
				07894DF927C1D3E7006F67B6 /* CashRegisterApp */,
				07894DF827C1D3E7006F67B6 /* Products */,
			);
			sourceTree = "<group>";
		};
		07894DF827C1D3E7006F67B6 /* Products */ = {
			isa = PBXGroup;
			children = (
				07894DF727C1D3E7006F67B6 /* CashRegisterApp.app */,
			);
			name = Products;
			sourceTree = "<group>";
		};
		07894DF927C1D3E7006F67B6 /* CashRegisterApp */ = {
			isa = PBXGroup;
			children = (
				07894DFA27C1D3E7006F67B6 /* AppDelegate.swift */,
				07894DFC27C1D3E7006F67B6 /* SceneDelegate.swift */,
				07FB64B027C5A418007B7EB9 /* Model */,
				07FB64B227C5A452007B7EB9 /* View */,
				07FB64B127C5A443007B7EB9 /* Controllers */,
				07894E0027C1D3E7006F67B6 /* Main.storyboard */,
				07894E0327C1D3E8006F67B6 /* Assets.xcassets */,
				07894E0527C1D3E8006F67B6 /* LaunchScreen.storyboard */,
				07894E0827C1D3E8006F67B6 /* Info.plist */,
			);
			path = CashRegisterApp;
			sourceTree = "<group>";
		};
		07FB64B027C5A418007B7EB9 /* Model */ = {
			isa = PBXGroup;
			children = (
				07894E5C27C31ACB006F67B6 /* History.swift */,
				07894E3427C21850006F67B6 /* Manager.swift */,
				07894E1027C1D8EC006F67B6 /* Stocks.swift */,
			);
			path = Model;
			sourceTree = "<group>";
		};
		07FB64B127C5A443007B7EB9 /* Controllers */ = {
			isa = PBXGroup;
			children = (
				07894DFE27C1D3E7006F67B6 /* ViewController.swift */,
				07894E3627C306CC006F67B6 /* tableViewController.swift */,
				07894E5A27C3182B006F67B6 /* OptionsViewController.swift */,
				07894E6427C32A2D006F67B6 /* HistoryViewController.swift */,
				07894E6627C5702F006F67B6 /* HistoryDetailViewController.swift */,
			);
			path = Controllers;
			sourceTree = "<group>";
		};
		07FB64B227C5A452007B7EB9 /* View */ = {
			isa = PBXGroup;
			children = (
				07FB64AE27C5A130007B7EB9 /* TableViewCell.swift */,
			);
			path = View;
			sourceTree = "<group>";
		};
/* End PBXGroup section */

/* Begin PBXNativeTarget section */
		07894DF627C1D3E7006F67B6 /* CashRegisterApp */ = {
			isa = PBXNativeTarget;
			buildConfigurationList = 07894E0B27C1D3E8006F67B6 /* Build configuration list for PBXNativeTarget "CashRegisterApp" */;
			buildPhases = (
				07894DF327C1D3E7006F67B6 /* Sources */,
				07894DF427C1D3E7006F67B6 /* Frameworks */,
				07894DF527C1D3E7006F67B6 /* Resources */,
			);
			buildRules = (
			);
			dependencies = (
			);
			name = CashRegisterApp;
			productName = CashRegisterApp;
			productReference = 07894DF727C1D3E7006F67B6 /* CashRegisterApp.app */;
			productType = "com.apple.product-type.application";
		};
/* End PBXNativeTarget section */

/* Begin PBXProject section */
		07894DEF27C1D3E7006F67B6 /* Project object */ = {
			isa = PBXProject;
			attributes = {
				BuildIndependentTargetsInParallel = 1;
				LastSwiftUpdateCheck = 1320;
				LastUpgradeCheck = 1320;
				TargetAttributes = {
					07894DF627C1D3E7006F67B6 = {
						CreatedOnToolsVersion = 13.2.1;
					};
				};
			};
			buildConfigurationList = 07894DF227C1D3E7006F67B6 /* Build configuration list for PBXProject "CashRegisterApp" */;
			compatibilityVersion = "Xcode 13.0";
			developmentRegion = en;
			hasScannedForEncodings = 0;
			knownRegions = (
				en,
				Base,
			);
			mainGroup = 07894DEE27C1D3E7006F67B6;
			productRefGroup = 07894DF827C1D3E7006F67B6 /* Products */;
			projectDirPath = "";
			projectRoot = "";
			targets = (
				07894DF627C1D3E7006F67B6 /* CashRegisterApp */,
			);
		};
/* End PBXProject section */

/* Begin PBXResourcesBuildPhase section */
		07894DF527C1D3E7006F67B6 /* Resources */ = {
			isa = PBXResourcesBuildPhase;
			buildActionMask = 2147483647;
			files = (
				07894E0727C1D3E8006F67B6 /* LaunchScreen.storyboard in Resources */,
				07894E0427C1D3E8006F67B6 /* Assets.xcassets in Resources */,
				07894E0227C1D3E7006F67B6 /* Main.storyboard in Resources */,
			);
			runOnlyForDeploymentPostprocessing = 0;
		};
/* End PBXResourcesBuildPhase section */

/* Begin PBXSourcesBuildPhase section */
		07894DF327C1D3E7006F67B6 /* Sources */ = {
			isa = PBXSourcesBuildPhase;
			buildActionMask = 2147483647;
			files = (
				07894E6727C5702F006F67B6 /* HistoryDetailViewController.swift in Sources */,
				07894DFF27C1D3E7006F67B6 /* ViewController.swift in Sources */,
				07894E3727C306CC006F67B6 /* tableViewController.swift in Sources */,
				07894E5D27C31ACB006F67B6 /* History.swift in Sources */,
				07894DFB27C1D3E7006F67B6 /* AppDelegate.swift in Sources */,
				07894E5B27C3182B006F67B6 /* OptionsViewController.swift in Sources */,
				07FB64AF27C5A130007B7EB9 /* TableViewCell.swift in Sources */,
				07894DFD27C1D3E7006F67B6 /* SceneDelegate.swift in Sources */,
				07894E6527C32A2D006F67B6 /* HistoryViewController.swift in Sources */,
				07894E3527C21851006F67B6 /* Manager.swift in Sources */,
				07894E1127C1D8EC006F67B6 /* Stocks.swift in Sources */,
			);
			runOnlyForDeploymentPostprocessing = 0;
		};
/* End PBXSourcesBuildPhase section */

/* Begin PBXVariantGroup section */
		07894E0027C1D3E7006F67B6 /* Main.storyboard */ = {
			isa = PBXVariantGroup;
			children = (
				07894E0127C1D3E7006F67B6 /* Base */,
			);
			name = Main.storyboard;
			sourceTree = "<group>";
		};
		07894E0527C1D3E8006F67B6 /* LaunchScreen.storyboard */ = {
			isa = PBXVariantGroup;
			children = (
				07894E0627C1D3E8006F67B6 /* Base */,
			);
			name = LaunchScreen.storyboard;
			sourceTree = "<group>";
		};
/* End PBXVariantGroup section */

/* Begin XCBuildConfiguration section */
		07894E0927C1D3E8006F67B6 /* Debug */ = {
			isa = XCBuildConfiguration;
			buildSettings = {
				ALWAYS_SEARCH_USER_PATHS = NO;
				CLANG_ANALYZER_NONNULL = YES;
				CLANG_ANALYZER_NUMBER_OBJECT_CONVERSION = YES_AGGRESSIVE;
				CLANG_CXX_LANGUAGE_STANDARD = "gnu++17";
				CLANG_CXX_LIBRARY = "libc++";
				CLANG_ENABLE_MODULES = YES;
				CLANG_ENABLE_OBJC_ARC = YES;
				CLANG_ENABLE_OBJC_WEAK = YES;
				CLANG_WARN_BLOCK_CAPTURE_AUTORELEASING = YES;
				CLANG_WARN_BOOL_CONVERSION = YES;
				CLANG_WARN_COMMA = YES;
				CLANG_WARN_CONSTANT_CONVERSION = YES;
				CLANG_WARN_DEPRECATED_OBJC_IMPLEMENTATIONS = YES;
				CLANG_WARN_DIRECT_OBJC_ISA_USAGE = YES_ERROR;
				CLANG_WARN_DOCUMENTATION_COMMENTS = YES;
				CLANG_WARN_EMPTY_BODY = YES;
				CLANG_WARN_ENUM_CONVERSION = YES;
				CLANG_WARN_INFINITE_RECURSION = YES;
				CLANG_WARN_INT_CONVERSION = YES;
				CLANG_WARN_NON_LITERAL_NULL_CONVERSION = YES;
				CLANG_WARN_OBJC_IMPLICIT_RETAIN_SELF = YES;
				CLANG_WARN_OBJC_LITERAL_CONVERSION = YES;
				CLANG_WARN_OBJC_ROOT_CLASS = YES_ERROR;
				CLANG_WARN_QUOTED_INCLUDE_IN_FRAMEWORK_HEADER = YES;
				CLANG_WARN_RANGE_LOOP_ANALYSIS = YES;
				CLANG_WARN_STRICT_PROTOTYPES = YES;
				CLANG_WARN_SUSPICIOUS_MOVE = YES;
				CLANG_WARN_UNGUARDED_AVAILABILITY = YES_AGGRESSIVE;
				CLANG_WARN_UNREACHABLE_CODE = YES;
				CLANG_WARN__DUPLICATE_METHOD_MATCH = YES;
				COPY_PHASE_STRIP = NO;
				DEBUG_INFORMATION_FORMAT = dwarf;
				ENABLE_STRICT_OBJC_MSGSEND = YES;
				ENABLE_TESTABILITY = YES;
				GCC_C_LANGUAGE_STANDARD = gnu11;
				GCC_DYNAMIC_NO_PIC = NO;
				GCC_NO_COMMON_BLOCKS = YES;
				GCC_OPTIMIZATION_LEVEL = 0;
				GCC_PREPROCESSOR_DEFINITIONS = (
					"DEBUG=1",
					"$(inherited)",
				);
				GCC_WARN_64_TO_32_BIT_CONVERSION = YES;
				GCC_WARN_ABOUT_RETURN_TYPE = YES_ERROR;
				GCC_WARN_UNDECLARED_SELECTOR = YES;
				GCC_WARN_UNINITIALIZED_AUTOS = YES_AGGRESSIVE;
				GCC_WARN_UNUSED_FUNCTION = YES;
				GCC_WARN_UNUSED_VARIABLE = YES;
				IPHONEOS_DEPLOYMENT_TARGET = 15.2;
				MTL_ENABLE_DEBUG_INFO = INCLUDE_SOURCE;
				MTL_FAST_MATH = YES;
				ONLY_ACTIVE_ARCH = YES;
				SDKROOT = iphoneos;
				SWIFT_ACTIVE_COMPILATION_CONDITIONS = DEBUG;
				SWIFT_OPTIMIZATION_LEVEL = "-Onone";
			};
			name = Debug;
		};
		07894E0A27C1D3E8006F67B6 /* Release */ = {
			isa = XCBuildConfiguration;
			buildSettings = {
				ALWAYS_SEARCH_USER_PATHS = NO;
				CLANG_ANALYZER_NONNULL = YES;
				CLANG_ANALYZER_NUMBER_OBJECT_CONVERSION = YES_AGGRESSIVE;
				CLANG_CXX_LANGUAGE_STANDARD = "gnu++17";
				CLANG_CXX_LIBRARY = "libc++";
				CLANG_ENABLE_MODULES = YES;
				CLANG_ENABLE_OBJC_ARC = YES;
				CLANG_ENABLE_OBJC_WEAK = YES;
				CLANG_WARN_BLOCK_CAPTURE_AUTORELEASING = YES;
				CLANG_WARN_BOOL_CONVERSION = YES;
				CLANG_WARN_COMMA = YES;
				CLANG_WARN_CONSTANT_CONVERSION = YES;
				CLANG_WARN_DEPRECATED_OBJC_IMPLEMENTATIONS = YES;
				CLANG_WARN_DIRECT_OBJC_ISA_USAGE = YES_ERROR;
				CLANG_WARN_DOCUMENTATION_COMMENTS = YES;
				CLANG_WARN_EMPTY_BODY = YES;
				CLANG_WARN_ENUM_CONVERSION = YES;
				CLANG_WARN_INFINITE_RECURSION = YES;
				CLANG_WARN_INT_CONVERSION = YES;
				CLANG_WARN_NON_LITERAL_NULL_CONVERSION = YES;
				CLANG_WARN_OBJC_IMPLICIT_RETAIN_SELF = YES;
				CLANG_WARN_OBJC_LITERAL_CONVERSION = YES;
				CLANG_WARN_OBJC_ROOT_CLASS = YES_ERROR;
				CLANG_WARN_QUOTED_INCLUDE_IN_FRAMEWORK_HEADER = YES;
				CLANG_WARN_RANGE_LOOP_ANALYSIS = YES;
				CLANG_WARN_STRICT_PROTOTYPES = YES;
				CLANG_WARN_SUSPICIOUS_MOVE = YES;
				CLANG_WARN_UNGUARDED_AVAILABILITY = YES_AGGRESSIVE;
				CLANG_WARN_UNREACHABLE_CODE = YES;
				CLANG_WARN__DUPLICATE_METHOD_MATCH = YES;
				COPY_PHASE_STRIP = NO;
				DEBUG_INFORMATION_FORMAT = "dwarf-with-dsym";
				ENABLE_NS_ASSERTIONS = NO;
				ENABLE_STRICT_OBJC_MSGSEND = YES;
				GCC_C_LANGUAGE_STANDARD = gnu11;
				GCC_NO_COMMON_BLOCKS = YES;
				GCC_WARN_64_TO_32_BIT_CONVERSION = YES;
				GCC_WARN_ABOUT_RETURN_TYPE = YES_ERROR;
				GCC_WARN_UNDECLARED_SELECTOR = YES;
				GCC_WARN_UNINITIALIZED_AUTOS = YES_AGGRESSIVE;
				GCC_WARN_UNUSED_FUNCTION = YES;
				GCC_WARN_UNUSED_VARIABLE = YES;
				IPHONEOS_DEPLOYMENT_TARGET = 15.2;
				MTL_ENABLE_DEBUG_INFO = NO;
				MTL_FAST_MATH = YES;
				SDKROOT = iphoneos;
				SWIFT_COMPILATION_MODE = wholemodule;
				SWIFT_OPTIMIZATION_LEVEL = "-O";
				VALIDATE_PRODUCT = YES;
			};
			name = Release;
		};
		07894E0C27C1D3E8006F67B6 /* Debug */ = {
			isa = XCBuildConfiguration;
			buildSettings = {
				ASSETCATALOG_COMPILER_APPICON_NAME = AppIcon;
				ASSETCATALOG_COMPILER_GLOBAL_ACCENT_COLOR_NAME = AccentColor;
				CODE_SIGN_STYLE = Automatic;
				CURRENT_PROJECT_VERSION = 1;
				GENERATE_INFOPLIST_FILE = YES;
				INFOPLIST_FILE = CashRegisterApp/Info.plist;
				INFOPLIST_KEY_UIApplicationSupportsIndirectInputEvents = YES;
				INFOPLIST_KEY_UILaunchStoryboardName = LaunchScreen;
				INFOPLIST_KEY_UIMainStoryboardFile = Main;
				INFOPLIST_KEY_UISupportedInterfaceOrientations_iPad = "UIInterfaceOrientationPortrait UIInterfaceOrientationPortraitUpsideDown UIInterfaceOrientationLandscapeLeft UIInterfaceOrientationLandscapeRight";
				INFOPLIST_KEY_UISupportedInterfaceOrientations_iPhone = "UIInterfaceOrientationPortrait UIInterfaceOrientationLandscapeLeft UIInterfaceOrientationLandscapeRight";
				LD_RUNPATH_SEARCH_PATHS = (
					"$(inherited)",
					"@executable_path/Frameworks",
				);
				MARKETING_VERSION = 1.0;
				PRODUCT_BUNDLE_IDENTIFIER = com.humber.CashRegisterApp;
				PRODUCT_NAME = "$(TARGET_NAME)";
				SWIFT_EMIT_LOC_STRINGS = YES;
				SWIFT_VERSION = 5.0;
				TARGETED_DEVICE_FAMILY = "1,2";
			};
			name = Debug;
		};
		07894E0D27C1D3E8006F67B6 /* Release */ = {
			isa = XCBuildConfiguration;
			buildSettings = {
				ASSETCATALOG_COMPILER_APPICON_NAME = AppIcon;
				ASSETCATALOG_COMPILER_GLOBAL_ACCENT_COLOR_NAME = AccentColor;
				CODE_SIGN_STYLE = Automatic;
				CURRENT_PROJECT_VERSION = 1;
				GENERATE_INFOPLIST_FILE = YES;
				INFOPLIST_FILE = CashRegisterApp/Info.plist;
				INFOPLIST_KEY_UIApplicationSupportsIndirectInputEvents = YES;
				INFOPLIST_KEY_UILaunchStoryboardName = LaunchScreen;
				INFOPLIST_KEY_UIMainStoryboardFile = Main;
				INFOPLIST_KEY_UISupportedInterfaceOrientations_iPad = "UIInterfaceOrientationPortrait UIInterfaceOrientationPortraitUpsideDown UIInterfaceOrientationLandscapeLeft UIInterfaceOrientationLandscapeRight";
				INFOPLIST_KEY_UISupportedInterfaceOrientations_iPhone = "UIInterfaceOrientationPortrait UIInterfaceOrientationLandscapeLeft UIInterfaceOrientationLandscapeRight";
				LD_RUNPATH_SEARCH_PATHS = (
					"$(inherited)",
					"@executable_path/Frameworks",
				);
				MARKETING_VERSION = 1.0;
				PRODUCT_BUNDLE_IDENTIFIER = com.humber.CashRegisterApp;
				PRODUCT_NAME = "$(TARGET_NAME)";
				SWIFT_EMIT_LOC_STRINGS = YES;
				SWIFT_VERSION = 5.0;
				TARGETED_DEVICE_FAMILY = "1,2";
			};
			name = Release;
		};
/* End XCBuildConfiguration section */

/* Begin XCConfigurationList section */
		07894DF227C1D3E7006F67B6 /* Build configuration list for PBXProject "CashRegisterApp" */ = {
			isa = XCConfigurationList;
			buildConfigurations = (
				07894E0927C1D3E8006F67B6 /* Debug */,
				07894E0A27C1D3E8006F67B6 /* Release */,
			);
			defaultConfigurationIsVisible = 0;
			defaultConfigurationName = Release;
		};
		07894E0B27C1D3E8006F67B6 /* Build configuration list for PBXNativeTarget "CashRegisterApp" */ = {
			isa = XCConfigurationList;
			buildConfigurations = (
				07894E0C27C1D3E8006F67B6 /* Debug */,
				07894E0D27C1D3E8006F67B6 /* Release */,
			);
			defaultConfigurationIsVisible = 0;
			defaultConfigurationName = Release;
		};
/* End XCConfigurationList section */
	};
	rootObject = 07894DEF27C1D3E7006F67B6 /* Project object */;
}
